// !$*UTF8*$!
{
	archiveVersion = 1;
	classes = {
	};
	objectVersion = 50;
	objects = {

/* Begin PBXBuildFile section */
		DAA782F827A5482700EAA1C8 /* AppDelegate.swift in Sources */ = {isa = PBXBuildFile; fileRef = DAA782F727A5482700EAA1C8 /* AppDelegate.swift */; };
		DAA782FA27A5482700EAA1C8 /* SceneDelegate.swift in Sources */ = {isa = PBXBuildFile; fileRef = DAA782F927A5482700EAA1C8 /* SceneDelegate.swift */; };
		DAA782FC27A5482700EAA1C8 /* ViewController.swift in Sources */ = {isa = PBXBuildFile; fileRef = DAA782FB27A5482700EAA1C8 /* ViewController.swift */; };
		DAA782FF27A5482700EAA1C8 /* Main.storyboard in Resources */ = {isa = PBXBuildFile; fileRef = DAA782FD27A5482700EAA1C8 /* Main.storyboard */; };
		DAA7830127A5483400EAA1C8 /* Assets.xcassets in Resources */ = {isa = PBXBuildFile; fileRef = DAA7830027A5483400EAA1C8 /* Assets.xcassets */; };
		DAA7830427A5483400EAA1C8 /* LaunchScreen.storyboard in Resources */ = {isa = PBXBuildFile; fileRef = DAA7830227A5483400EAA1C8 /* LaunchScreen.storyboard */; };
		DAA7830C27A54E9900EAA1C8 /* Extensions.swift in Sources */ = {isa = PBXBuildFile; fileRef = DAA7830B27A54E9900EAA1C8 /* Extensions.swift */; };
/* End PBXBuildFile section */

/* Begin PBXFileReference section */
		DAA782F427A5482700EAA1C8 /* 04-Piano.app */ = {isa = PBXFileReference; explicitFileType = wrapper.application; includeInIndex = 0; path = "04-Piano.app"; sourceTree = BUILT_PRODUCTS_DIR; };
		DAA782F727A5482700EAA1C8 /* AppDelegate.swift */ = {isa = PBXFileReference; lastKnownFileType = sourcecode.swift; path = AppDelegate.swift; sourceTree = "<group>"; };
		DAA782F927A5482700EAA1C8 /* SceneDelegate.swift */ = {isa = PBXFileReference; lastKnownFileType = sourcecode.swift; path = SceneDelegate.swift; sourceTree = "<group>"; };
		DAA782FB27A5482700EAA1C8 /* ViewController.swift */ = {isa = PBXFileReference; lastKnownFileType = sourcecode.swift; path = ViewController.swift; sourceTree = "<group>"; };
		DAA782FE27A5482700EAA1C8 /* Base */ = {isa = PBXFileReference; lastKnownFileType = file.storyboard; name = Base; path = Base.lproj/Main.storyboard; sourceTree = "<group>"; };
		DAA7830027A5483400EAA1C8 /* Assets.xcassets */ = {isa = PBXFileReference; lastKnownFileType = folder.assetcatalog; path = Assets.xcassets; sourceTree = "<group>"; };
		DAA7830327A5483400EAA1C8 /* Base */ = {isa = PBXFileReference; lastKnownFileType = file.storyboard; name = Base; path = Base.lproj/LaunchScreen.storyboard; sourceTree = "<group>"; };
		DAA7830527A5483400EAA1C8 /* Info.plist */ = {isa = PBXFileReference; lastKnownFileType = text.plist.xml; path = Info.plist; sourceTree = "<group>"; };
		DAA7830B27A54E9900EAA1C8 /* Extensions.swift */ = {isa = PBXFileReference; lastKnownFileType = sourcecode.swift; path = Extensions.swift; sourceTree = "<group>"; };
/* End PBXFileReference section */

/* Begin PBXFrameworksBuildPhase section */
		DAA782F127A5482700EAA1C8 /* Frameworks */ = {
			isa = PBXFrameworksBuildPhase;
			buildActionMask = 2147483647;
			files = (
			);
			runOnlyForDeploymentPostprocessing = 0;
		};
/* End PBXFrameworksBuildPhase section */

/* Begin PBXGroup section */
		DAA782EB27A5482700EAA1C8 = {
			isa = PBXGroup;
			children = (
				DAA782F627A5482700EAA1C8 /* 04-Piano */,
				DAA782F527A5482700EAA1C8 /* Products */,
			);
			sourceTree = "<group>";
		};
		DAA782F527A5482700EAA1C8 /* Products */ = {
			isa = PBXGroup;
			children = (
				DAA782F427A5482700EAA1C8 /* 04-Piano.app */,
			);
			name = Products;
			sourceTree = "<group>";
		};
		DAA782F627A5482700EAA1C8 /* 04-Piano */ = {
			isa = PBXGroup;
			children = (
				DAA782F727A5482700EAA1C8 /* AppDelegate.swift */,
				DAA782F927A5482700EAA1C8 /* SceneDelegate.swift */,
				DAA782FB27A5482700EAA1C8 /* ViewController.swift */,
				DAA782FD27A5482700EAA1C8 /* Main.storyboard */,
				DAA7830027A5483400EAA1C8 /* Assets.xcassets */,
				DAA7830227A5483400EAA1C8 /* LaunchScreen.storyboard */,
				DAA7830527A5483400EAA1C8 /* Info.plist */,
				DAA7830B27A54E9900EAA1C8 /* Extensions.swift */,
			);
			path = "04-Piano";
			sourceTree = "<group>";
		};
/* End PBXGroup section */

/* Begin PBXNativeTarget section */
		DAA782F327A5482700EAA1C8 /* 04-Piano */ = {
			isa = PBXNativeTarget;
			buildConfigurationList = DAA7830827A5483400EAA1C8 /* Build configuration list for PBXNativeTarget "04-Piano" */;
			buildPhases = (
				DAA782F027A5482700EAA1C8 /* Sources */,
				DAA782F127A5482700EAA1C8 /* Frameworks */,
				DAA782F227A5482700EAA1C8 /* Resources */,
			);
			buildRules = (
			);
			dependencies = (
			);
			name = "04-Piano";
			productName = "04-Piano";
			productReference = DAA782F427A5482700EAA1C8 /* 04-Piano.app */;
			productType = "com.apple.product-type.application";
		};
/* End PBXNativeTarget section */

/* Begin PBXProject section */
		DAA782EC27A5482700EAA1C8 /* Project object */ = {
			isa = PBXProject;
			attributes = {
				LastSwiftUpdateCheck = 1250;
				LastUpgradeCheck = 1250;
				TargetAttributes = {
					DAA782F327A5482700EAA1C8 = {
						CreatedOnToolsVersion = 12.5.1;
					};
				};
			};
			buildConfigurationList = DAA782EF27A5482700EAA1C8 /* Build configuration list for PBXProject "04-Piano" */;
			compatibilityVersion = "Xcode 9.3";
			developmentRegion = en;
			hasScannedForEncodings = 0;
			knownRegions = (
				en,
				Base,
			);
			mainGroup = DAA782EB27A5482700EAA1C8;
			productRefGroup = DAA782F527A5482700EAA1C8 /* Products */;
			projectDirPath = "";
			projectRoot = "";
			targets = (
				DAA782F327A5482700EAA1C8 /* 04-Piano */,
			);
		};
/* End PBXProject section */

/* Begin PBXResourcesBuildPhase section */
		DAA782F227A5482700EAA1C8 /* Resources */ = {
			isa = PBXResourcesBuildPhase;
			buildActionMask = 2147483647;
			files = (
				DAA7830427A5483400EAA1C8 /* LaunchScreen.storyboard in Resources */,
				DAA7830127A5483400EAA1C8 /* Assets.xcassets in Resources */,
				DAA782FF27A5482700EAA1C8 /* Main.storyboard in Resources */,
			);
			runOnlyForDeploymentPostprocessing = 0;
		};
/* End PBXResourcesBuildPhase section */

/* Begin PBXSourcesBuildPhase section */
		DAA782F027A5482700EAA1C8 /* Sources */ = {
			isa = PBXSourcesBuildPhase;
			buildActionMask = 2147483647;
			files = (
				DAA782FC27A5482700EAA1C8 /* ViewController.swift in Sources */,
				DAA782F827A5482700EAA1C8 /* AppDelegate.swift in Sources */,
				DAA782FA27A5482700EAA1C8 /* SceneDelegate.swift in Sources */,
				DAA7830C27A54E9900EAA1C8 /* Extensions.swift in Sources */,
			);
			runOnlyForDeploymentPostprocessing = 0;
		};
/* End PBXSourcesBuildPhase section */

/* Begin PBXVariantGroup section */
		DAA782FD27A5482700EAA1C8 /* Main.storyboard */ = {
			isa = PBXVariantGroup;
			children = (
				DAA782FE27A5482700EAA1C8 /* Base */,
			);
			name = Main.storyboard;
			sourceTree = "<group>";
		};
		DAA7830227A5483400EAA1C8 /* LaunchScreen.storyboard */ = {
			isa = PBXVariantGroup;
			children = (
				DAA7830327A5483400EAA1C8 /* Base */,
			);
			name = LaunchScreen.storyboard;
			sourceTree = "<group>";
		};
/* End PBXVariantGroup section */

/* Begin XCBuildConfiguration section */
		DAA7830627A5483400EAA1C8 /* Debug */ = {
			isa = XCBuildConfiguration;
			buildSettings = {
				ALWAYS_SEARCH_USER_PATHS = NO;
				CLANG_ANALYZER_NONNULL = YES;
				CLANG_ANALYZER_NUMBER_OBJECT_CONVERSION = YES_AGGRESSIVE;
				CLANG_CXX_LANGUAGE_STANDARD = "gnu++14";
				CLANG_CXX_LIBRARY = "libc++";
				CLANG_ENABLE_MODULES = YES;
				CLANG_ENABLE_OBJC_ARC = YES;
				CLANG_ENABLE_OBJC_WEAK = YES;
				CLANG_WARN_BLOCK_CAPTURE_AUTORELEASING = YES;
				CLANG_WARN_BOOL_CONVERSION = YES;
				CLANG_WARN_COMMA = YES;
				CLANG_WARN_CONSTANT_CONVERSION = YES;
				CLANG_WARN_DEPRECATED_OBJC_IMPLEMENTATIONS = YES;
				CLANG_WARN_DIRECT_OBJC_ISA_USAGE = YES_ERROR;
				CLANG_WARN_DOCUMENTATION_COMMENTS = YES;
				CLANG_WARN_EMPTY_BODY = YES;
				CLANG_WARN_ENUM_CONVERSION = YES;
				CLANG_WARN_INFINITE_RECURSION = YES;
				CLANG_WARN_INT_CONVERSION = YES;
				CLANG_WARN_NON_LITERAL_NULL_CONVERSION = YES;
				CLANG_WARN_OBJC_IMPLICIT_RETAIN_SELF = YES;
				CLANG_WARN_OBJC_LITERAL_CONVERSION = YES;
				CLANG_WARN_OBJC_ROOT_CLASS = YES_ERROR;
				CLANG_WARN_QUOTED_INCLUDE_IN_FRAMEWORK_HEADER = YES;
				CLANG_WARN_RANGE_LOOP_ANALYSIS = YES;
				CLANG_WARN_STRICT_PROTOTYPES = YES;
				CLANG_WARN_SUSPICIOUS_MOVE = YES;
				CLANG_WARN_UNGUARDED_AVAILABILITY = YES_AGGRESSIVE;
				CLANG_WARN_UNREACHABLE_CODE = YES;
				CLANG_WARN__DUPLICATE_METHOD_MATCH = YES;
				COPY_PHASE_STRIP = NO;
				DEBUG_INFORMATION_FORMAT = dwarf;
				ENABLE_STRICT_OBJC_MSGSEND = YES;
				ENABLE_TESTABILITY = YES;
				GCC_C_LANGUAGE_STANDARD = gnu11;
				GCC_DYNAMIC_NO_PIC = NO;
				GCC_NO_COMMON_BLOCKS = YES;
				GCC_OPTIMIZATION_LEVEL = 0;
				GCC_PREPROCESSOR_DEFINITIONS = (
					"DEBUG=1",
					"$(inherited)",
				);
				GCC_WARN_64_TO_32_BIT_CONVERSION = YES;
				GCC_WARN_ABOUT_RETURN_TYPE = YES_ERROR;
				GCC_WARN_UNDECLARED_SELECTOR = YES;
				GCC_WARN_UNINITIALIZED_AUTOS = YES_AGGRESSIVE;
				GCC_WARN_UNUSED_FUNCTION = YES;
				GCC_WARN_UNUSED_VARIABLE = YES;
				IPHONEOS_DEPLOYMENT_TARGET = 14.5;
				MTL_ENABLE_DEBUG_INFO = INCLUDE_SOURCE;
				MTL_FAST_MATH = YES;
				ONLY_ACTIVE_ARCH = YES;
				SDKROOT = iphoneos;
				SWIFT_ACTIVE_COMPILATION_CONDITIONS = DEBUG;
				SWIFT_OPTIMIZATION_LEVEL = "-Onone";
			};
			name = Debug;
		};
		DAA7830727A5483400EAA1C8 /* Release */ = {
			isa = XCBuildConfiguration;
			buildSettings = {
				ALWAYS_SEARCH_USER_PATHS = NO;
				CLANG_ANALYZER_NONNULL = YES;
				CLANG_ANALYZER_NUMBER_OBJECT_CONVERSION = YES_AGGRESSIVE;
				CLANG_CXX_LANGUAGE_STANDARD = "gnu++14";
				CLANG_CXX_LIBRARY = "libc++";
				CLANG_ENABLE_MODULES = YES;
				CLANG_ENABLE_OBJC_ARC = YES;
				CLANG_ENABLE_OBJC_WEAK = YES;
				CLANG_WARN_BLOCK_CAPTURE_AUTORELEASING = YES;
				CLANG_WARN_BOOL_CONVERSION = YES;
				CLANG_WARN_COMMA = YES;
				CLANG_WARN_CONSTANT_CONVERSION = YES;
				CLANG_WARN_DEPRECATED_OBJC_IMPLEMENTATIONS = YES;
				CLANG_WARN_DIRECT_OBJC_ISA_USAGE = YES_ERROR;
				CLANG_WARN_DOCUMENTATION_COMMENTS = YES;
				CLANG_WARN_EMPTY_BODY = YES;
				CLANG_WARN_ENUM_CONVERSION = YES;
				CLANG_WARN_INFINITE_RECURSION = YES;
				CLANG_WARN_INT_CONVERSION = YES;
				CLANG_WARN_NON_LITERAL_NULL_CONVERSION = YES;
				CLANG_WARN_OBJC_IMPLICIT_RETAIN_SELF = YES;
				CLANG_WARN_OBJC_LITERAL_CONVERSION = YES;
				CLANG_WARN_OBJC_ROOT_CLASS = YES_ERROR;
				CLANG_WARN_QUOTED_INCLUDE_IN_FRAMEWORK_HEADER = YES;
				CLANG_WARN_RANGE_LOOP_ANALYSIS = YES;
				CLANG_WARN_STRICT_PROTOTYPES = YES;
				CLANG_WARN_SUSPICIOUS_MOVE = YES;
				CLANG_WARN_UNGUARDED_AVAILABILITY = YES_AGGRESSIVE;
				CLANG_WARN_UNREACHABLE_CODE = YES;
				CLANG_WARN__DUPLICATE_METHOD_MATCH = YES;
				COPY_PHASE_STRIP = NO;
				DEBUG_INFORMATION_FORMAT = "dwarf-with-dsym";
				ENABLE_NS_ASSERTIONS = NO;
				ENABLE_STRICT_OBJC_MSGSEND = YES;
				GCC_C_LANGUAGE_STANDARD = gnu11;
				GCC_NO_COMMON_BLOCKS = YES;
				GCC_WARN_64_TO_32_BIT_CONVERSION = YES;
				GCC_WARN_ABOUT_RETURN_TYPE = YES_ERROR;
				GCC_WARN_UNDECLARED_SELECTOR = YES;
				GCC_WARN_UNINITIALIZED_AUTOS = YES_AGGRESSIVE;
				GCC_WARN_UNUSED_FUNCTION = YES;
				GCC_WARN_UNUSED_VARIABLE = YES;
				IPHONEOS_DEPLOYMENT_TARGET = 14.5;
				MTL_ENABLE_DEBUG_INFO = NO;
				MTL_FAST_MATH = YES;
				SDKROOT = iphoneos;
				SWIFT_COMPILATION_MODE = wholemodule;
				SWIFT_OPTIMIZATION_LEVEL = "-O";
				VALIDATE_PRODUCT = YES;
			};
			name = Release;
		};
		DAA7830927A5483400EAA1C8 /* Debug */ = {
			isa = XCBuildConfiguration;
			buildSettings = {
				ASSETCATALOG_COMPILER_APPICON_NAME = AppIcon;
				ASSETCATALOG_COMPILER_GLOBAL_ACCENT_COLOR_NAME = AccentColor;
				CODE_SIGN_STYLE = Automatic;
				DEVELOPMENT_TEAM = FP49K54GZJ;
				INFOPLIST_FILE = "04-Piano/Info.plist";
				LD_RUNPATH_SEARCH_PATHS = (
					"$(inherited)",
					"@executable_path/Frameworks",
				);
				PRODUCT_BUNDLE_IDENTIFIER = com.jacven.Piano;
				PRODUCT_NAME = "$(TARGET_NAME)";
				SWIFT_VERSION = 5.0;
				TARGETED_DEVICE_FAMILY = "1,2";
			};
			name = Debug;
		};
		DAA7830A27A5483400EAA1C8 /* Release */ = {
			isa = XCBuildConfiguration;
			buildSettings = {
				ASSETCATALOG_COMPILER_APPICON_NAME = AppIcon;
				ASSETCATALOG_COMPILER_GLOBAL_ACCENT_COLOR_NAME = AccentColor;
				CODE_SIGN_STYLE = Automatic;
				DEVELOPMENT_TEAM = FP49K54GZJ;
				INFOPLIST_FILE = "04-Piano/Info.plist";
				LD_RUNPATH_SEARCH_PATHS = (
					"$(inherited)",
					"@executable_path/Frameworks",
				);
				PRODUCT_BUNDLE_IDENTIFIER = com.jacven.Piano;
				PRODUCT_NAME = "$(TARGET_NAME)";
				SWIFT_VERSION = 5.0;
				TARGETED_DEVICE_FAMILY = "1,2";
			};
			name = Release;
		};
/* End XCBuildConfiguration section */

/* Begin XCConfigurationList section */
		DAA782EF27A5482700EAA1C8 /* Build configuration list for PBXProject "04-Piano" */ = {
			isa = XCConfigurationList;
			buildConfigurations = (
				DAA7830627A5483400EAA1C8 /* Debug */,
				DAA7830727A5483400EAA1C8 /* Release */,
			);
			defaultConfigurationIsVisible = 0;
			defaultConfigurationName = Release;
		};
		DAA7830827A5483400EAA1C8 /* Build configuration list for PBXNativeTarget "04-Piano" */ = {
			isa = XCConfigurationList;
			buildConfigurations = (
				DAA7830927A5483400EAA1C8 /* Debug */,
				DAA7830A27A5483400EAA1C8 /* Release */,
			);
			defaultConfigurationIsVisible = 0;
			defaultConfigurationName = Release;
		};
/* End XCConfigurationList section */
	};
	rootObject = DAA782EC27A5482700EAA1C8 /* Project object */;
}
